<Solution>
  <Project Path="BonbonTreeBoost/BonbonTreeBoost.csproj" />
  <Project Path="CapacityControl/CapacityControl.csproj" />
  <Project Path="CommonLib/CommonLib.csproj" />
  <Project Path="ControlledAutomation/ControlledAutomation.csproj" />
  <Project Path="ControlledExtraction/ControlledExtraction.csproj" />
  <Project Path="ControlledFiltering/ControlledFiltering.csproj" />
  <Project Path="ControlledLoaders/ControlledLoaders.csproj" />
  <Project Path="ControlledMods/ControlledMods.csproj" />
  <Project Path="ControlledOverlay/ControlledOverlay.csproj" />
  <Project Path="ControlledPerformance/ControlledPerformance.csproj" />
  <Project Path="ControlledStorage/ControlledStorage.csproj" />
  <Project Path="ControlledSublimation/ControlledSublimation.csproj" />
  <Project Path="ControlledVisuals/ControlledVisuals.csproj" />
  <Project Path="ControlledWarnings/ControlledWarnings.csproj" />
  <Project Path="CopyMaterialsTool/CopyMaterialsTool.csproj" />
  <Project Path="CopyTileTool/CopyTileTool.csproj" />
  <Project Path="DebugFogOfWar/DebugFogOfWar.csproj" />
  <Project Path="ElectrolyzerV2FIXED/ElectrolyzerV2FIXED.csproj" />
  <Project Path="EmptyStorage/EmptyStorage.csproj" />
  <Project Path="HighPrecisionTemperatureFIXED/HighPrecisionTemperatureFIXED.csproj" />
  <Project Path="LongerArms/LongerArms.csproj" />
  <Project Path="MorningExercise/MorningExercise.csproj" />
  <Project Path="NoDisease/NoDisease.csproj" />
  <Project Path="ResourceLimpet/ResourceLimpet.csproj" />
  <Project Path="ResourceSensorFIXED/ResourceSensorFIXED.csproj" />
  <Project Path="ThresholdFixed/ThresholdFixed.csproj" />
</Solution>