<Solution>
  <Project Path="BonbonTreeBoost/BonbonTreeBoost.csproj" Id="573ce697-fd53-48de-98fe-0c0eb4ca8f04" />
  <Project Path="CommonLib/CommonLib.csproj" Id="9bd6e2a1-5fa1-49c6-9ea7-6fc07a463726" />
  <Project Path="CopyMaterials/CopyMaterialsTool.csproj" Id="ae6fe0c2-fa12-42c8-909a-5fea7b5aecdf" />
  <Project Path="ThresholdFixed/ThresholdFixed.csproj" Id="fe377519-31a0-4c07-9f63-a88d8a76b59a" />
</Solution>
